
Microsoft Visual Studio Solution File, Format Version 12.00
# Visual Studio 15
VisualStudioVersion = 15.0.27703.2018
MinimumVisualStudioVersion = 10.0.40219.1
Project("{FAE04EC0-301F-11D3-BF4B-00C04F79EFBC}") = "test2", "test2\test2.csproj", "{E90C49A5-3097-484F-A885-568A7359F27F}"
EndProject
Global
	GlobalSection(SolutionConfigurationPlatforms) = preSolution
		Debug|Any CPU = Debug|Any CPU
		Release|Any CPU = Release|Any CPU
	EndGlobalSection
	GlobalSection(ProjectConfigurationPlatforms) = postSolution
		{E90C49A5-3097-484F-A885-568A7359F27F}.Debug|Any CPU.ActiveCfg = Debug|Any CPU
		{E90C49A5-3097-484F-A885-568A7359F27F}.Debug|Any CPU.Build.0 = Debug|Any CPU
		{E90C49A5-3097-484F-A885-568A7359F27F}.Release|Any CPU.ActiveCfg = Release|Any CPU
		{E90C49A5-3097-484F-A885-568A7359F27F}.Release|Any CPU.Build.0 = Release|Any CPU
	EndGlobalSection
	GlobalSection(SolutionProperties) = preSolution
		HideSolutionNode = FALSE
	EndGlobalSection
	GlobalSection(ExtensibilityGlobals) = postSolution
		SolutionGuid = {F282BB98-F190-4D64-99CC-DEFDAD7105AE}
	EndGlobalSection
EndGlobal
